
Microsoft Visual Studio Solution File, Format Version 12.00
# Visual Studio Version 17
VisualStudioVersion = 17.8.34330.188
MinimumVisualStudioVersion = 10.0.40219.1
Project("{2150E333-8FDC-42A3-9474-1A3956D46DE8}") = "src", "src", "{B7E6E67C-9A93-4238-9544-64FAFAEF23CC}"
EndProject
Project("{2150E333-8FDC-42A3-9474-1A3956D46DE8}") = "API", "API", "{1C7AE9E6-428E-4373-996B-A6C7CA85E758}"
EndProject
Project("{2150E333-8FDC-42A3-9474-1A3956D46DE8}") = "APPLICATION", "APPLICATION", "{70DC9209-82AF-4E9C-833B-0DB7144009BC}"
EndProject
Project("{FAE04EC0-301F-11D3-BF4B-00C04F79EFBC}") = "AUTHIO.API", "AUTHIO.API\AUTHIO.API.csproj", "{7D987B8D-52AF-40FA-82D4-3BE561D3DDD3}"
EndProject
Project("{FAE04EC0-301F-11D3-BF4B-00C04F79EFBC}") = "AUTHIO.APPLICATION", "ATHIO.APPLICATION\AUTHIO.APPLICATION.csproj", "{05C97D8E-B86F-4039-B794-079144B26AA9}"
EndProject
Global
	GlobalSection(SolutionConfigurationPlatforms) = preSolution
		Debug|Any CPU = Debug|Any CPU
		Release|Any CPU = Release|Any CPU
	EndGlobalSection
	GlobalSection(ProjectConfigurationPlatforms) = postSolution
		{7D987B8D-52AF-40FA-82D4-3BE561D3DDD3}.Debug|Any CPU.ActiveCfg = Debug|Any CPU
		{7D987B8D-52AF-40FA-82D4-3BE561D3DDD3}.Debug|Any CPU.Build.0 = Debug|Any CPU
		{7D987B8D-52AF-40FA-82D4-3BE561D3DDD3}.Release|Any CPU.ActiveCfg = Release|Any CPU
		{7D987B8D-52AF-40FA-82D4-3BE561D3DDD3}.Release|Any CPU.Build.0 = Release|Any CPU
		{05C97D8E-B86F-4039-B794-079144B26AA9}.Debug|Any CPU.ActiveCfg = Debug|Any CPU
		{05C97D8E-B86F-4039-B794-079144B26AA9}.Debug|Any CPU.Build.0 = Debug|Any CPU
		{05C97D8E-B86F-4039-B794-079144B26AA9}.Release|Any CPU.ActiveCfg = Release|Any CPU
		{05C97D8E-B86F-4039-B794-079144B26AA9}.Release|Any CPU.Build.0 = Release|Any CPU
	EndGlobalSection
	GlobalSection(SolutionProperties) = preSolution
		HideSolutionNode = FALSE
	EndGlobalSection
	GlobalSection(NestedProjects) = preSolution
		{1C7AE9E6-428E-4373-996B-A6C7CA85E758} = {B7E6E67C-9A93-4238-9544-64FAFAEF23CC}
		{70DC9209-82AF-4E9C-833B-0DB7144009BC} = {B7E6E67C-9A93-4238-9544-64FAFAEF23CC}
		{7D987B8D-52AF-40FA-82D4-3BE561D3DDD3} = {1C7AE9E6-428E-4373-996B-A6C7CA85E758}
		{05C97D8E-B86F-4039-B794-079144B26AA9} = {70DC9209-82AF-4E9C-833B-0DB7144009BC}
	EndGlobalSection
	GlobalSection(ExtensibilityGlobals) = postSolution
		SolutionGuid = {7B792228-5BA3-41B5-9A5F-9BFD83847B52}
	EndGlobalSection
EndGlobal
