
Microsoft Visual Studio Solution File, Format Version 12.00
# Visual Studio Version 17
VisualStudioVersion = 17.8.34330.188
MinimumVisualStudioVersion = 10.0.40219.1
Project("{2150E333-8FDC-42A3-9474-1A3956D46DE8}") = "src", "src", "{B7E6E67C-9A93-4238-9544-64FAFAEF23CC}"
EndProject
Project("{2150E333-8FDC-42A3-9474-1A3956D46DE8}") = "API", "API", "{1C7AE9E6-428E-4373-996B-A6C7CA85E758}"
EndProject
Project("{2150E333-8FDC-42A3-9474-1A3956D46DE8}") = "APPLICATION", "APPLICATION", "{70DC9209-82AF-4E9C-833B-0DB7144009BC}"
EndProject
Project("{9A19103F-16F7-4668-BE54-9A1E7A4F7556}") = "AUTHIO.API", "src\AUTHIO.API\AUTHIO.API.csproj", "{FD5EB65C-82BC-4355-A7FA-08AA9AC58696}"
EndProject
Project("{9A19103F-16F7-4668-BE54-9A1E7A4F7556}") = "AUTHIO.APPLICATION", "src\ATHIO.APPLICATION\AUTHIO.APPLICATION.csproj", "{E9F6A5B0-1E4F-4662-AAD1-0DE0587A5F9F}"
EndProject
Global
	GlobalSection(SolutionConfigurationPlatforms) = preSolution
		Debug|Any CPU = Debug|Any CPU
		Release|Any CPU = Release|Any CPU
	EndGlobalSection
	GlobalSection(ProjectConfigurationPlatforms) = postSolution
		{FD5EB65C-82BC-4355-A7FA-08AA9AC58696}.Debug|Any CPU.ActiveCfg = Debug|Any CPU
		{FD5EB65C-82BC-4355-A7FA-08AA9AC58696}.Debug|Any CPU.Build.0 = Debug|Any CPU
		{FD5EB65C-82BC-4355-A7FA-08AA9AC58696}.Release|Any CPU.ActiveCfg = Release|Any CPU
		{FD5EB65C-82BC-4355-A7FA-08AA9AC58696}.Release|Any CPU.Build.0 = Release|Any CPU
		{E9F6A5B0-1E4F-4662-AAD1-0DE0587A5F9F}.Debug|Any CPU.ActiveCfg = Debug|Any CPU
		{E9F6A5B0-1E4F-4662-AAD1-0DE0587A5F9F}.Debug|Any CPU.Build.0 = Debug|Any CPU
		{E9F6A5B0-1E4F-4662-AAD1-0DE0587A5F9F}.Release|Any CPU.ActiveCfg = Release|Any CPU
		{E9F6A5B0-1E4F-4662-AAD1-0DE0587A5F9F}.Release|Any CPU.Build.0 = Release|Any CPU
	EndGlobalSection
	GlobalSection(SolutionProperties) = preSolution
		HideSolutionNode = FALSE
	EndGlobalSection
	GlobalSection(NestedProjects) = preSolution
		{1C7AE9E6-428E-4373-996B-A6C7CA85E758} = {B7E6E67C-9A93-4238-9544-64FAFAEF23CC}
		{70DC9209-82AF-4E9C-833B-0DB7144009BC} = {B7E6E67C-9A93-4238-9544-64FAFAEF23CC}
		{FD5EB65C-82BC-4355-A7FA-08AA9AC58696} = {1C7AE9E6-428E-4373-996B-A6C7CA85E758}
		{E9F6A5B0-1E4F-4662-AAD1-0DE0587A5F9F} = {70DC9209-82AF-4E9C-833B-0DB7144009BC}
	EndGlobalSection
	GlobalSection(ExtensibilityGlobals) = postSolution
		SolutionGuid = {7B792228-5BA3-41B5-9A5F-9BFD83847B52}
	EndGlobalSection
EndGlobal
